
Microsoft Visual Studio Solution File, Format Version 12.00
# Visual Studio Version 16
VisualStudioVersion = 16.0.32413.511
MinimumVisualStudioVersion = 10.0.40219.1
Project("{FAE04EC0-301F-11D3-BF4B-00C04F79EFBC}") = "WebApplicationApi", "WebApplicationApi\WebApplicationApi.csproj", "{562A9DC2-CFC7-41F1-AEB7-D018B7D9B1C3}"
EndProject
Global
	GlobalSection(SolutionConfigurationPlatforms) = preSolution
		Debug|Any CPU = Debug|Any CPU
		Release|Any CPU = Release|Any CPU
	EndGlobalSection
	GlobalSection(ProjectConfigurationPlatforms) = postSolution
		{562A9DC2-CFC7-41F1-AEB7-D018B7D9B1C3}.Debug|Any CPU.ActiveCfg = Debug|Any CPU
		{562A9DC2-CFC7-41F1-AEB7-D018B7D9B1C3}.Debug|Any CPU.Build.0 = Debug|Any CPU
		{562A9DC2-CFC7-41F1-AEB7-D018B7D9B1C3}.Release|Any CPU.ActiveCfg = Release|Any CPU
		{562A9DC2-CFC7-41F1-AEB7-D018B7D9B1C3}.Release|Any CPU.Build.0 = Release|Any CPU
	EndGlobalSection
	GlobalSection(SolutionProperties) = preSolution
		HideSolutionNode = FALSE
	EndGlobalSection
	GlobalSection(ExtensibilityGlobals) = postSolution
		SolutionGuid = {7B8CCE90-2070-4F2A-8A00-46EDB9DD6A27}
	EndGlobalSection
EndGlobal
